
Microsoft Visual Studio Solution File, Format Version 12.00
# Visual Studio Version 16
VisualStudioVersion = 16.0.30717.126
MinimumVisualStudioVersion = 10.0.40219.1
Project("{FAE04EC0-301F-11D3-BF4B-00C04F79EFBC}") = "UDatentypen Console", "UDatentypen Console\UDatentypen Console.csproj", "{602EDE2D-6E62-48D0-9AC0-40629B800C6E}"
EndProject
Global
	GlobalSection(SolutionConfigurationPlatforms) = preSolution
		Debug|Any CPU = Debug|Any CPU
		Release|Any CPU = Release|Any CPU
	EndGlobalSection
	GlobalSection(ProjectConfigurationPlatforms) = postSolution
		{602EDE2D-6E62-48D0-9AC0-40629B800C6E}.Debug|Any CPU.ActiveCfg = Debug|Any CPU
		{602EDE2D-6E62-48D0-9AC0-40629B800C6E}.Debug|Any CPU.Build.0 = Debug|Any CPU
		{602EDE2D-6E62-48D0-9AC0-40629B800C6E}.Release|Any CPU.ActiveCfg = Release|Any CPU
		{602EDE2D-6E62-48D0-9AC0-40629B800C6E}.Release|Any CPU.Build.0 = Release|Any CPU
	EndGlobalSection
	GlobalSection(SolutionProperties) = preSolution
		HideSolutionNode = FALSE
	EndGlobalSection
	GlobalSection(ExtensibilityGlobals) = postSolution
		SolutionGuid = {E75C64A8-ACA0-4887-B895-D1F040D8021A}
	EndGlobalSection
EndGlobal
